
Microsoft Visual Studio Solution File, Format Version 12.00
# Visual Studio Version 17
VisualStudioVersion = 17.11.35219.272
MinimumVisualStudioVersion = 10.0.40219.1
Project("{FAE04EC0-301F-11D3-BF4B-00C04F79EFBC}") = "Iterator", "Iterator.csproj", "{D997D229-A1BA-415B-B586-367C64977759}"
EndProject
Global
	GlobalSection(SolutionConfigurationPlatforms) = preSolution
		Debug|Any CPU = Debug|Any CPU
		Release|Any CPU = Release|Any CPU
	EndGlobalSection
	GlobalSection(ProjectConfigurationPlatforms) = postSolution
		{D997D229-A1BA-415B-B586-367C64977759}.Debug|Any CPU.ActiveCfg = Debug|Any CPU
		{D997D229-A1BA-415B-B586-367C64977759}.Debug|Any CPU.Build.0 = Debug|Any CPU
		{D997D229-A1BA-415B-B586-367C64977759}.Release|Any CPU.ActiveCfg = Release|Any CPU
		{D997D229-A1BA-415B-B586-367C64977759}.Release|Any CPU.Build.0 = Release|Any CPU
	EndGlobalSection
	GlobalSection(SolutionProperties) = preSolution
		HideSolutionNode = FALSE
	EndGlobalSection
	GlobalSection(ExtensibilityGlobals) = postSolution
		SolutionGuid = {EC701C22-7A4A-4152-B6A9-DC51A9C09E74}
	EndGlobalSection
EndGlobal
